
Microsoft Visual Studio Solution File, Format Version 12.00
# Visual Studio Version 17
VisualStudioVersion = 17.3.32825.248
MinimumVisualStudioVersion = 10.0.40219.1
Project("{FAE04EC0-301F-11D3-BF4B-00C04F79EFBC}") = "LocalNetworkMessager", "LocalNetworkMessager.csproj", "{720DFEF8-6573-4382-A4B4-D19AEE1BE181}"
EndProject
Global
	GlobalSection(SolutionConfigurationPlatforms) = preSolution
		Debug|Any CPU = Debug|Any CPU
		Release|Any CPU = Release|Any CPU
	EndGlobalSection
	GlobalSection(ProjectConfigurationPlatforms) = postSolution
		{720DFEF8-6573-4382-A4B4-D19AEE1BE181}.Debug|Any CPU.ActiveCfg = Debug|Any CPU
		{720DFEF8-6573-4382-A4B4-D19AEE1BE181}.Debug|Any CPU.Build.0 = Debug|Any CPU
		{720DFEF8-6573-4382-A4B4-D19AEE1BE181}.Release|Any CPU.ActiveCfg = Release|Any CPU
		{720DFEF8-6573-4382-A4B4-D19AEE1BE181}.Release|Any CPU.Build.0 = Release|Any CPU
	EndGlobalSection
	GlobalSection(SolutionProperties) = preSolution
		HideSolutionNode = FALSE
	EndGlobalSection
	GlobalSection(ExtensibilityGlobals) = postSolution
		SolutionGuid = {601BB7BA-69C1-4FD1-8188-ACDD082C22F2}
	EndGlobalSection
EndGlobal
